<?xml version="1.0" encoding="utf-8"?>
<Project ToolsVersion="4.0" xmlns="http://schemas.microsoft.com/developer/msbuild/2003">
  <ItemGroup>
    <ClCompile Include="Employee.cpp" />
    <ClCompile Include="Transaction.cpp" />
    <ClCompile Include="TransactionReader.cpp" />
    <ClCompile Include="Hourly.cpp" />
  </ItemGroup>
  <ItemGroup>
    <ClInclude Include="Employee.h" />
    <ClInclude Include="Transaction.h" />
    <ClInclude Include="Hourly.h" />
  </ItemGroup>
  <ItemGroup>
    <Text Include="TestTransactionFile.txt" />
    <Text Include="salaryInput.txt" />
    <Text Include="SalaryInput2.txt" />
    <Text Include="SalaryInput3.txt" />
    <Text Include="HourlyInput.txt" />
    <Text Include="HourlyInput2.txt" />
    <Text Include="HourlyInput3.txt" />
    <Text Include="HourlyInput4.txt" />
    <Text Include="HourlyInput5.txt" />
    <Text Include="HourlyInput6.txt" />
    <Text Include="HourlyInput7.txt" />
    <Text Include="PieceworkInput.txt" />
    <Text Include="PieceworkInput2.txt" />
    <Text Include="PieceworkInput3.txt" />
  </ItemGroup>
</Project>